
Microsoft Visual Studio Solution File, Format Version 12.00
# Visual Studio Version 16
VisualStudioVersion = 16.0.31205.134
MinimumVisualStudioVersion = 10.0.40219.1
Project("{2150E333-8FDC-42A3-9474-1A3956D46DE8}") = "Solution Items", "Solution Items", "{9F7FFDB3-ED2F-45AB-9DF0-63DB66AF6D39}"
	ProjectSection(SolutionItems) = preProject
		README.md = README.md
	EndProjectSection
EndProject
Project("{FAE04EC0-301F-11D3-BF4B-00C04F79EFBC}") = "MiniProfilerExamples.Api", "MiniProfilerExamples.Api\MiniProfilerExamples.Api.csproj", "{8B9D7805-2841-4007-857A-0D4E160B1939}"
EndProject
Global
	GlobalSection(SolutionConfigurationPlatforms) = preSolution
		Debug|Any CPU = Debug|Any CPU
		Release|Any CPU = Release|Any CPU
	EndGlobalSection
	GlobalSection(ProjectConfigurationPlatforms) = postSolution
		{8B9D7805-2841-4007-857A-0D4E160B1939}.Debug|Any CPU.ActiveCfg = Debug|Any CPU
		{8B9D7805-2841-4007-857A-0D4E160B1939}.Debug|Any CPU.Build.0 = Debug|Any CPU
		{8B9D7805-2841-4007-857A-0D4E160B1939}.Release|Any CPU.ActiveCfg = Release|Any CPU
		{8B9D7805-2841-4007-857A-0D4E160B1939}.Release|Any CPU.Build.0 = Release|Any CPU
	EndGlobalSection
	GlobalSection(SolutionProperties) = preSolution
		HideSolutionNode = FALSE
	EndGlobalSection
	GlobalSection(ExtensibilityGlobals) = postSolution
		SolutionGuid = {BF787107-07B4-411F-B3D9-4CEB8C88F210}
	EndGlobalSection
EndGlobal
