
Microsoft Visual Studio Solution File, Format Version 12.00
# Visual Studio Version 16
VisualStudioVersion = 16.0.31129.286
MinimumVisualStudioVersion = 10.0.40219.1
Project("{FAE04EC0-301F-11D3-BF4B-00C04F79EFBC}") = "BackgroundTasksLabs.Web", "BackgroundTasksLabs.Web\BackgroundTasksLabs.Web.csproj", "{7A57CF86-C46E-44E6-B295-D980BB10594B}"
EndProject
Global
	GlobalSection(SolutionConfigurationPlatforms) = preSolution
		Debug|Any CPU = Debug|Any CPU
		Release|Any CPU = Release|Any CPU
	EndGlobalSection
	GlobalSection(ProjectConfigurationPlatforms) = postSolution
		{7A57CF86-C46E-44E6-B295-D980BB10594B}.Debug|Any CPU.ActiveCfg = Debug|Any CPU
		{7A57CF86-C46E-44E6-B295-D980BB10594B}.Debug|Any CPU.Build.0 = Debug|Any CPU
		{7A57CF86-C46E-44E6-B295-D980BB10594B}.Release|Any CPU.ActiveCfg = Release|Any CPU
		{7A57CF86-C46E-44E6-B295-D980BB10594B}.Release|Any CPU.Build.0 = Release|Any CPU
	EndGlobalSection
	GlobalSection(SolutionProperties) = preSolution
		HideSolutionNode = FALSE
	EndGlobalSection
	GlobalSection(ExtensibilityGlobals) = postSolution
		SolutionGuid = {724E7BF3-5459-4439-B777-D54B61C47B0C}
	EndGlobalSection
EndGlobal
