
Microsoft Visual Studio Solution File, Format Version 12.00
# Visual Studio Version 16
VisualStudioVersion = 16.0.31205.134
MinimumVisualStudioVersion = 10.0.40219.1
Project("{2150E333-8FDC-42A3-9474-1A3956D46DE8}") = "Solution Items", "Solution Items", "{624BF0CC-AF32-4219-BA6A-705F605F540E}"
	ProjectSection(SolutionItems) = preProject
		README.md = README.md
	EndProjectSection
EndProject
Project("{FAE04EC0-301F-11D3-BF4B-00C04F79EFBC}") = "SwaggerExamples.Api", "SwaggerExamples.Api\SwaggerExamples.Api.csproj", "{1737D3F1-F183-499C-B183-D5056A8990A5}"
EndProject
Global
	GlobalSection(SolutionConfigurationPlatforms) = preSolution
		Debug|Any CPU = Debug|Any CPU
		Release|Any CPU = Release|Any CPU
	EndGlobalSection
	GlobalSection(ProjectConfigurationPlatforms) = postSolution
		{1737D3F1-F183-499C-B183-D5056A8990A5}.Debug|Any CPU.ActiveCfg = Debug|Any CPU
		{1737D3F1-F183-499C-B183-D5056A8990A5}.Debug|Any CPU.Build.0 = Debug|Any CPU
		{1737D3F1-F183-499C-B183-D5056A8990A5}.Release|Any CPU.ActiveCfg = Release|Any CPU
		{1737D3F1-F183-499C-B183-D5056A8990A5}.Release|Any CPU.Build.0 = Release|Any CPU
	EndGlobalSection
	GlobalSection(SolutionProperties) = preSolution
		HideSolutionNode = FALSE
	EndGlobalSection
	GlobalSection(ExtensibilityGlobals) = postSolution
		SolutionGuid = {27FB20CB-F190-44D6-84B4-9E4A39D7C2CE}
	EndGlobalSection
EndGlobal
